
Microsoft Visual Studio Solution File, Format Version 11.00
# Visual Studio 2010
Project("{FAE04EC0-301F-11D3-BF4B-00C04F79EFBC}") = "01里氏转换", "01里氏转换\01里氏转换.csproj", "{67056663-97D3-4A54-B4BD-3907E4E9024C}"
EndProject
Project("{FAE04EC0-301F-11D3-BF4B-00C04F79EFBC}") = "02protected访问修饰符", "02protected访问修饰符\02protected访问修饰符.csproj", "{AFAFBD3E-40D6-4909-8FBE-33F1454EB621}"
EndProject
Project("{FAE04EC0-301F-11D3-BF4B-00C04F79EFBC}") = "03ArrayList集合", "03ArrayList集合\03ArrayList集合.csproj", "{64DA0F9F-6DBF-4696-A975-F6703B20B812}"
EndProject
Project("{FAE04EC0-301F-11D3-BF4B-00C04F79EFBC}") = "04集合长度的问题", "04集合长度的问题\04集合长度的问题.csproj", "{03DAAC2A-EFCF-4F13-A82F-60E87F1C860A}"
EndProject
Project("{FAE04EC0-301F-11D3-BF4B-00C04F79EFBC}") = "05集合的练习", "05集合的练习\05集合的练习.csproj", "{5015C115-3F8C-4BBF-9A0C-24F5BBAA969D}"
EndProject
Project("{FAE04EC0-301F-11D3-BF4B-00C04F79EFBC}") = "06键值对集合", "06键值对集合\06键值对集合.csproj", "{797C9B27-1085-48D5-AF8D-53839B1E276C}"
EndProject
Project("{FAE04EC0-301F-11D3-BF4B-00C04F79EFBC}") = "07foreach循环", "07foreach循环\07foreach循环.csproj", "{8DA78791-7B5F-4E97-BEAA-3A9E16F4942D}"
EndProject
Project("{FAE04EC0-301F-11D3-BF4B-00C04F79EFBC}") = "08path类", "08path类\08path类.csproj", "{A024415A-3D0A-4E24-A3EF-0694B218CF12}"
EndProject
Project("{FAE04EC0-301F-11D3-BF4B-00C04F79EFBC}") = "09File类", "09File类\09File类.csproj", "{6C95E026-09AF-4D01-94EA-E6C1EC4F1E4B}"
EndProject
Project("{FAE04EC0-301F-11D3-BF4B-00C04F79EFBC}") = "10List泛型集合", "10List泛型集合\10List泛型集合.csproj", "{61EBAAD1-8949-4845-80A7-48E43F702B33}"
EndProject
Project("{FAE04EC0-301F-11D3-BF4B-00C04F79EFBC}") = "11装箱和拆箱", "11装箱和拆箱\11装箱和拆箱.csproj", "{AA556626-613E-44ED-A5F9-E36A2692B8CF}"
EndProject
Project("{FAE04EC0-301F-11D3-BF4B-00C04F79EFBC}") = "12字典集合", "12字典集合\12字典集合.csproj", "{2466AB8B-601E-4EBF-9C24-430212570242}"
EndProject
Project("{FAE04EC0-301F-11D3-BF4B-00C04F79EFBC}") = "13集合的三个练习", "13集合的三个练习\13集合的三个练习.csproj", "{0AE7437D-33F0-4E34-BC0D-4B608A5C1C8A}"
EndProject
Project("{FAE04EC0-301F-11D3-BF4B-00C04F79EFBC}") = "14文件流FileStream", "14文件流FileStream\14文件流FileStream.csproj", "{D10782F5-2109-4A1F-B55E-63FE5AED144F}"
EndProject
Project("{FAE04EC0-301F-11D3-BF4B-00C04F79EFBC}") = "15使用文件流来实现多媒体文件的复制", "15使用文件流来实现多媒体文件的复制\15使用文件流来实现多媒体文件的复制.csproj", "{477206A1-1062-4505-BC86-016293AEB705}"
EndProject
Project("{FAE04EC0-301F-11D3-BF4B-00C04F79EFBC}") = "16StreamReader和StreamWriter", "16StreamReader和StreamWriter\16StreamReader和StreamWriter.csproj", "{DBC84C1F-6190-4C83-8301-232DE89B2FDB}"
EndProject
Global
	GlobalSection(SolutionConfigurationPlatforms) = preSolution
		Debug|x86 = Debug|x86
		Release|x86 = Release|x86
	EndGlobalSection
	GlobalSection(ProjectConfigurationPlatforms) = postSolution
		{67056663-97D3-4A54-B4BD-3907E4E9024C}.Debug|x86.ActiveCfg = Debug|x86
		{67056663-97D3-4A54-B4BD-3907E4E9024C}.Debug|x86.Build.0 = Debug|x86
		{67056663-97D3-4A54-B4BD-3907E4E9024C}.Release|x86.ActiveCfg = Release|x86
		{67056663-97D3-4A54-B4BD-3907E4E9024C}.Release|x86.Build.0 = Release|x86
		{AFAFBD3E-40D6-4909-8FBE-33F1454EB621}.Debug|x86.ActiveCfg = Debug|x86
		{AFAFBD3E-40D6-4909-8FBE-33F1454EB621}.Debug|x86.Build.0 = Debug|x86
		{AFAFBD3E-40D6-4909-8FBE-33F1454EB621}.Release|x86.ActiveCfg = Release|x86
		{AFAFBD3E-40D6-4909-8FBE-33F1454EB621}.Release|x86.Build.0 = Release|x86
		{64DA0F9F-6DBF-4696-A975-F6703B20B812}.Debug|x86.ActiveCfg = Debug|x86
		{64DA0F9F-6DBF-4696-A975-F6703B20B812}.Debug|x86.Build.0 = Debug|x86
		{64DA0F9F-6DBF-4696-A975-F6703B20B812}.Release|x86.ActiveCfg = Release|x86
		{64DA0F9F-6DBF-4696-A975-F6703B20B812}.Release|x86.Build.0 = Release|x86
		{03DAAC2A-EFCF-4F13-A82F-60E87F1C860A}.Debug|x86.ActiveCfg = Debug|x86
		{03DAAC2A-EFCF-4F13-A82F-60E87F1C860A}.Debug|x86.Build.0 = Debug|x86
		{03DAAC2A-EFCF-4F13-A82F-60E87F1C860A}.Release|x86.ActiveCfg = Release|x86
		{03DAAC2A-EFCF-4F13-A82F-60E87F1C860A}.Release|x86.Build.0 = Release|x86
		{5015C115-3F8C-4BBF-9A0C-24F5BBAA969D}.Debug|x86.ActiveCfg = Debug|x86
		{5015C115-3F8C-4BBF-9A0C-24F5BBAA969D}.Debug|x86.Build.0 = Debug|x86
		{5015C115-3F8C-4BBF-9A0C-24F5BBAA969D}.Release|x86.ActiveCfg = Release|x86
		{5015C115-3F8C-4BBF-9A0C-24F5BBAA969D}.Release|x86.Build.0 = Release|x86
		{797C9B27-1085-48D5-AF8D-53839B1E276C}.Debug|x86.ActiveCfg = Debug|x86
		{797C9B27-1085-48D5-AF8D-53839B1E276C}.Debug|x86.Build.0 = Debug|x86
		{797C9B27-1085-48D5-AF8D-53839B1E276C}.Release|x86.ActiveCfg = Release|x86
		{797C9B27-1085-48D5-AF8D-53839B1E276C}.Release|x86.Build.0 = Release|x86
		{8DA78791-7B5F-4E97-BEAA-3A9E16F4942D}.Debug|x86.ActiveCfg = Debug|x86
		{8DA78791-7B5F-4E97-BEAA-3A9E16F4942D}.Debug|x86.Build.0 = Debug|x86
		{8DA78791-7B5F-4E97-BEAA-3A9E16F4942D}.Release|x86.ActiveCfg = Release|x86
		{8DA78791-7B5F-4E97-BEAA-3A9E16F4942D}.Release|x86.Build.0 = Release|x86
		{A024415A-3D0A-4E24-A3EF-0694B218CF12}.Debug|x86.ActiveCfg = Debug|x86
		{A024415A-3D0A-4E24-A3EF-0694B218CF12}.Debug|x86.Build.0 = Debug|x86
		{A024415A-3D0A-4E24-A3EF-0694B218CF12}.Release|x86.ActiveCfg = Release|x86
		{A024415A-3D0A-4E24-A3EF-0694B218CF12}.Release|x86.Build.0 = Release|x86
		{6C95E026-09AF-4D01-94EA-E6C1EC4F1E4B}.Debug|x86.ActiveCfg = Debug|x86
		{6C95E026-09AF-4D01-94EA-E6C1EC4F1E4B}.Debug|x86.Build.0 = Debug|x86
		{6C95E026-09AF-4D01-94EA-E6C1EC4F1E4B}.Release|x86.ActiveCfg = Release|x86
		{6C95E026-09AF-4D01-94EA-E6C1EC4F1E4B}.Release|x86.Build.0 = Release|x86
		{61EBAAD1-8949-4845-80A7-48E43F702B33}.Debug|x86.ActiveCfg = Debug|x86
		{61EBAAD1-8949-4845-80A7-48E43F702B33}.Debug|x86.Build.0 = Debug|x86
		{61EBAAD1-8949-4845-80A7-48E43F702B33}.Release|x86.ActiveCfg = Release|x86
		{61EBAAD1-8949-4845-80A7-48E43F702B33}.Release|x86.Build.0 = Release|x86
		{AA556626-613E-44ED-A5F9-E36A2692B8CF}.Debug|x86.ActiveCfg = Debug|x86
		{AA556626-613E-44ED-A5F9-E36A2692B8CF}.Debug|x86.Build.0 = Debug|x86
		{AA556626-613E-44ED-A5F9-E36A2692B8CF}.Release|x86.ActiveCfg = Release|x86
		{AA556626-613E-44ED-A5F9-E36A2692B8CF}.Release|x86.Build.0 = Release|x86
		{2466AB8B-601E-4EBF-9C24-430212570242}.Debug|x86.ActiveCfg = Debug|x86
		{2466AB8B-601E-4EBF-9C24-430212570242}.Debug|x86.Build.0 = Debug|x86
		{2466AB8B-601E-4EBF-9C24-430212570242}.Release|x86.ActiveCfg = Release|x86
		{2466AB8B-601E-4EBF-9C24-430212570242}.Release|x86.Build.0 = Release|x86
		{0AE7437D-33F0-4E34-BC0D-4B608A5C1C8A}.Debug|x86.ActiveCfg = Debug|x86
		{0AE7437D-33F0-4E34-BC0D-4B608A5C1C8A}.Debug|x86.Build.0 = Debug|x86
		{0AE7437D-33F0-4E34-BC0D-4B608A5C1C8A}.Release|x86.ActiveCfg = Release|x86
		{0AE7437D-33F0-4E34-BC0D-4B608A5C1C8A}.Release|x86.Build.0 = Release|x86
		{D10782F5-2109-4A1F-B55E-63FE5AED144F}.Debug|x86.ActiveCfg = Debug|x86
		{D10782F5-2109-4A1F-B55E-63FE5AED144F}.Debug|x86.Build.0 = Debug|x86
		{D10782F5-2109-4A1F-B55E-63FE5AED144F}.Release|x86.ActiveCfg = Release|x86
		{D10782F5-2109-4A1F-B55E-63FE5AED144F}.Release|x86.Build.0 = Release|x86
		{477206A1-1062-4505-BC86-016293AEB705}.Debug|x86.ActiveCfg = Debug|x86
		{477206A1-1062-4505-BC86-016293AEB705}.Debug|x86.Build.0 = Debug|x86
		{477206A1-1062-4505-BC86-016293AEB705}.Release|x86.ActiveCfg = Release|x86
		{477206A1-1062-4505-BC86-016293AEB705}.Release|x86.Build.0 = Release|x86
		{DBC84C1F-6190-4C83-8301-232DE89B2FDB}.Debug|x86.ActiveCfg = Debug|x86
		{DBC84C1F-6190-4C83-8301-232DE89B2FDB}.Debug|x86.Build.0 = Debug|x86
		{DBC84C1F-6190-4C83-8301-232DE89B2FDB}.Release|x86.ActiveCfg = Release|x86
		{DBC84C1F-6190-4C83-8301-232DE89B2FDB}.Release|x86.Build.0 = Release|x86
	EndGlobalSection
	GlobalSection(SolutionProperties) = preSolution
		HideSolutionNode = FALSE
	EndGlobalSection
EndGlobal
