
Microsoft Visual Studio Solution File, Format Version 11.00
# Visual Studio 2010
Project("{FAE04EC0-301F-11D3-BF4B-00C04F79EFBC}") = "01方法", "01方法\01方法.csproj", "{3FE227BA-7077-4E55-B7B0-4ABCFABA5FD4}"
EndProject
Project("{FAE04EC0-301F-11D3-BF4B-00C04F79EFBC}") = "02方法练习", "02方法练习\02方法练习.csproj", "{ECC9C220-C5D5-4E1D-A7B2-3EA7D56AFC4B}"
EndProject
Project("{FAE04EC0-301F-11D3-BF4B-00C04F79EFBC}") = "03方法练习2", "03方法练习2\03方法练习2.csproj", "{1044B72C-8D3D-443B-95AE-889084199C8C}"
EndProject
Project("{FAE04EC0-301F-11D3-BF4B-00C04F79EFBC}") = "03方法练习3", "03方法练习3\03方法练习3.csproj", "{4212B2DE-2D99-4D2F-96B6-7FB54B64EEB5}"
EndProject
Project("{FAE04EC0-301F-11D3-BF4B-00C04F79EFBC}") = "03方法练习4", "03方法练习4\03方法练习4.csproj", "{C2AC92FF-EC77-4514-BC2A-1431751D961C}"
EndProject
Project("{FAE04EC0-301F-11D3-BF4B-00C04F79EFBC}") = "03方法练习5", "03方法练习5\03方法练习5.csproj", "{3BB4E957-3822-4915-B268-7E4B6421CA1D}"
EndProject
Project("{FAE04EC0-301F-11D3-BF4B-00C04F79EFBC}") = "04out参数", "04out参数\04out参数.csproj", "{CCE1951D-FFE2-46C6-96EC-F2B7C18B5CD3}"
EndProject
Project("{FAE04EC0-301F-11D3-BF4B-00C04F79EFBC}") = "05使用out参数做登陆", "05使用out参数做登陆\05使用out参数做登陆.csproj", "{1E961B00-DBEF-4B3F-ABA3-B68E29DE9A1E}"
EndProject
Project("{FAE04EC0-301F-11D3-BF4B-00C04F79EFBC}") = "06ref参数", "06ref参数\06ref参数.csproj", "{DE07A65E-E601-458D-B9EF-88F255A36FF1}"
EndProject
Project("{FAE04EC0-301F-11D3-BF4B-00C04F79EFBC}") = "07paramas参数", "07paramas参数\07paramas参数.csproj", "{6C6EA10C-33CA-488A-B165-C31994FFB4EB}"
EndProject
Project("{FAE04EC0-301F-11D3-BF4B-00C04F79EFBC}") = "08方法的重载", "08方法的重载\08方法的重载.csproj", "{329044AF-35BC-4391-A9F7-CBE33B9923D4}"
EndProject
Project("{FAE04EC0-301F-11D3-BF4B-00C04F79EFBC}") = "09方法的递归", "09方法的递归\09方法的递归.csproj", "{B7968075-780B-42B7-BB93-9A2ADCBF3703}"
EndProject
Project("{FAE04EC0-301F-11D3-BF4B-00C04F79EFBC}") = "01方法综合练习", "01方法综合练习\01方法综合练习.csproj", "{DB15E9A9-29F9-4826-A39F-77D8CE93B784}"
EndProject
Project("{FAE04EC0-301F-11D3-BF4B-00C04F79EFBC}") = "10方法综合练习", "10方法综合练习\10方法综合练习.csproj", "{5DE1A70B-602C-4467-B32D-F7B6746920BB}"
EndProject
Project("{FAE04EC0-301F-11D3-BF4B-00C04F79EFBC}") = "11方法结束练习1", "11方法结束练习1\11方法结束练习1.csproj", "{DB2E3CC9-0A21-4DDA-B321-B081C5DEAFFB}"
EndProject
Project("{FAE04EC0-301F-11D3-BF4B-00C04F79EFBC}") = "11方法综合练习2", "11方法综合练习2\11方法综合练习2.csproj", "{EB1572C1-B163-49DE-94FC-B300272F3D8C}"
EndProject
Project("{FAE04EC0-301F-11D3-BF4B-00C04F79EFBC}") = "11方法综合练习3", "11方法综合练习3\11方法综合练习3.csproj", "{F337A38A-6479-4E89-AEF7-F3A096EB675C}"
EndProject
Project("{FAE04EC0-301F-11D3-BF4B-00C04F79EFBC}") = "11方法综合练习14", "11方法综合练习14\11方法综合练习14.csproj", "{E0909F03-C2D8-43A8-94AA-014C7E3C6F83}"
EndProject
Project("{FAE04EC0-301F-11D3-BF4B-00C04F79EFBC}") = "11方法综合练习4", "11方法综合练习4\11方法综合练习4.csproj", "{69949143-18E4-440B-9966-21EF97F3BB99}"
EndProject
Global
	GlobalSection(SolutionConfigurationPlatforms) = preSolution
		Debug|x86 = Debug|x86
		Release|x86 = Release|x86
	EndGlobalSection
	GlobalSection(ProjectConfigurationPlatforms) = postSolution
		{3FE227BA-7077-4E55-B7B0-4ABCFABA5FD4}.Debug|x86.ActiveCfg = Debug|x86
		{3FE227BA-7077-4E55-B7B0-4ABCFABA5FD4}.Debug|x86.Build.0 = Debug|x86
		{3FE227BA-7077-4E55-B7B0-4ABCFABA5FD4}.Release|x86.ActiveCfg = Release|x86
		{3FE227BA-7077-4E55-B7B0-4ABCFABA5FD4}.Release|x86.Build.0 = Release|x86
		{ECC9C220-C5D5-4E1D-A7B2-3EA7D56AFC4B}.Debug|x86.ActiveCfg = Debug|x86
		{ECC9C220-C5D5-4E1D-A7B2-3EA7D56AFC4B}.Debug|x86.Build.0 = Debug|x86
		{ECC9C220-C5D5-4E1D-A7B2-3EA7D56AFC4B}.Release|x86.ActiveCfg = Release|x86
		{ECC9C220-C5D5-4E1D-A7B2-3EA7D56AFC4B}.Release|x86.Build.0 = Release|x86
		{1044B72C-8D3D-443B-95AE-889084199C8C}.Debug|x86.ActiveCfg = Debug|x86
		{1044B72C-8D3D-443B-95AE-889084199C8C}.Debug|x86.Build.0 = Debug|x86
		{1044B72C-8D3D-443B-95AE-889084199C8C}.Release|x86.ActiveCfg = Release|x86
		{1044B72C-8D3D-443B-95AE-889084199C8C}.Release|x86.Build.0 = Release|x86
		{4212B2DE-2D99-4D2F-96B6-7FB54B64EEB5}.Debug|x86.ActiveCfg = Debug|x86
		{4212B2DE-2D99-4D2F-96B6-7FB54B64EEB5}.Debug|x86.Build.0 = Debug|x86
		{4212B2DE-2D99-4D2F-96B6-7FB54B64EEB5}.Release|x86.ActiveCfg = Release|x86
		{4212B2DE-2D99-4D2F-96B6-7FB54B64EEB5}.Release|x86.Build.0 = Release|x86
		{C2AC92FF-EC77-4514-BC2A-1431751D961C}.Debug|x86.ActiveCfg = Debug|x86
		{C2AC92FF-EC77-4514-BC2A-1431751D961C}.Debug|x86.Build.0 = Debug|x86
		{C2AC92FF-EC77-4514-BC2A-1431751D961C}.Release|x86.ActiveCfg = Release|x86
		{C2AC92FF-EC77-4514-BC2A-1431751D961C}.Release|x86.Build.0 = Release|x86
		{3BB4E957-3822-4915-B268-7E4B6421CA1D}.Debug|x86.ActiveCfg = Debug|x86
		{3BB4E957-3822-4915-B268-7E4B6421CA1D}.Debug|x86.Build.0 = Debug|x86
		{3BB4E957-3822-4915-B268-7E4B6421CA1D}.Release|x86.ActiveCfg = Release|x86
		{3BB4E957-3822-4915-B268-7E4B6421CA1D}.Release|x86.Build.0 = Release|x86
		{CCE1951D-FFE2-46C6-96EC-F2B7C18B5CD3}.Debug|x86.ActiveCfg = Debug|x86
		{CCE1951D-FFE2-46C6-96EC-F2B7C18B5CD3}.Debug|x86.Build.0 = Debug|x86
		{CCE1951D-FFE2-46C6-96EC-F2B7C18B5CD3}.Release|x86.ActiveCfg = Release|x86
		{CCE1951D-FFE2-46C6-96EC-F2B7C18B5CD3}.Release|x86.Build.0 = Release|x86
		{1E961B00-DBEF-4B3F-ABA3-B68E29DE9A1E}.Debug|x86.ActiveCfg = Debug|x86
		{1E961B00-DBEF-4B3F-ABA3-B68E29DE9A1E}.Debug|x86.Build.0 = Debug|x86
		{1E961B00-DBEF-4B3F-ABA3-B68E29DE9A1E}.Release|x86.ActiveCfg = Release|x86
		{1E961B00-DBEF-4B3F-ABA3-B68E29DE9A1E}.Release|x86.Build.0 = Release|x86
		{DE07A65E-E601-458D-B9EF-88F255A36FF1}.Debug|x86.ActiveCfg = Debug|x86
		{DE07A65E-E601-458D-B9EF-88F255A36FF1}.Debug|x86.Build.0 = Debug|x86
		{DE07A65E-E601-458D-B9EF-88F255A36FF1}.Release|x86.ActiveCfg = Release|x86
		{DE07A65E-E601-458D-B9EF-88F255A36FF1}.Release|x86.Build.0 = Release|x86
		{6C6EA10C-33CA-488A-B165-C31994FFB4EB}.Debug|x86.ActiveCfg = Debug|x86
		{6C6EA10C-33CA-488A-B165-C31994FFB4EB}.Debug|x86.Build.0 = Debug|x86
		{6C6EA10C-33CA-488A-B165-C31994FFB4EB}.Release|x86.ActiveCfg = Release|x86
		{6C6EA10C-33CA-488A-B165-C31994FFB4EB}.Release|x86.Build.0 = Release|x86
		{329044AF-35BC-4391-A9F7-CBE33B9923D4}.Debug|x86.ActiveCfg = Debug|x86
		{329044AF-35BC-4391-A9F7-CBE33B9923D4}.Debug|x86.Build.0 = Debug|x86
		{329044AF-35BC-4391-A9F7-CBE33B9923D4}.Release|x86.ActiveCfg = Release|x86
		{329044AF-35BC-4391-A9F7-CBE33B9923D4}.Release|x86.Build.0 = Release|x86
		{B7968075-780B-42B7-BB93-9A2ADCBF3703}.Debug|x86.ActiveCfg = Debug|x86
		{B7968075-780B-42B7-BB93-9A2ADCBF3703}.Debug|x86.Build.0 = Debug|x86
		{B7968075-780B-42B7-BB93-9A2ADCBF3703}.Release|x86.ActiveCfg = Release|x86
		{B7968075-780B-42B7-BB93-9A2ADCBF3703}.Release|x86.Build.0 = Release|x86
		{DB15E9A9-29F9-4826-A39F-77D8CE93B784}.Debug|x86.ActiveCfg = Debug|x86
		{DB15E9A9-29F9-4826-A39F-77D8CE93B784}.Debug|x86.Build.0 = Debug|x86
		{DB15E9A9-29F9-4826-A39F-77D8CE93B784}.Release|x86.ActiveCfg = Release|x86
		{DB15E9A9-29F9-4826-A39F-77D8CE93B784}.Release|x86.Build.0 = Release|x86
		{5DE1A70B-602C-4467-B32D-F7B6746920BB}.Debug|x86.ActiveCfg = Debug|x86
		{5DE1A70B-602C-4467-B32D-F7B6746920BB}.Debug|x86.Build.0 = Debug|x86
		{5DE1A70B-602C-4467-B32D-F7B6746920BB}.Release|x86.ActiveCfg = Release|x86
		{5DE1A70B-602C-4467-B32D-F7B6746920BB}.Release|x86.Build.0 = Release|x86
		{DB2E3CC9-0A21-4DDA-B321-B081C5DEAFFB}.Debug|x86.ActiveCfg = Debug|x86
		{DB2E3CC9-0A21-4DDA-B321-B081C5DEAFFB}.Debug|x86.Build.0 = Debug|x86
		{DB2E3CC9-0A21-4DDA-B321-B081C5DEAFFB}.Release|x86.ActiveCfg = Release|x86
		{DB2E3CC9-0A21-4DDA-B321-B081C5DEAFFB}.Release|x86.Build.0 = Release|x86
		{EB1572C1-B163-49DE-94FC-B300272F3D8C}.Debug|x86.ActiveCfg = Debug|x86
		{EB1572C1-B163-49DE-94FC-B300272F3D8C}.Debug|x86.Build.0 = Debug|x86
		{EB1572C1-B163-49DE-94FC-B300272F3D8C}.Release|x86.ActiveCfg = Release|x86
		{EB1572C1-B163-49DE-94FC-B300272F3D8C}.Release|x86.Build.0 = Release|x86
		{F337A38A-6479-4E89-AEF7-F3A096EB675C}.Debug|x86.ActiveCfg = Debug|x86
		{F337A38A-6479-4E89-AEF7-F3A096EB675C}.Debug|x86.Build.0 = Debug|x86
		{F337A38A-6479-4E89-AEF7-F3A096EB675C}.Release|x86.ActiveCfg = Release|x86
		{F337A38A-6479-4E89-AEF7-F3A096EB675C}.Release|x86.Build.0 = Release|x86
		{E0909F03-C2D8-43A8-94AA-014C7E3C6F83}.Debug|x86.ActiveCfg = Debug|x86
		{E0909F03-C2D8-43A8-94AA-014C7E3C6F83}.Debug|x86.Build.0 = Debug|x86
		{E0909F03-C2D8-43A8-94AA-014C7E3C6F83}.Release|x86.ActiveCfg = Release|x86
		{E0909F03-C2D8-43A8-94AA-014C7E3C6F83}.Release|x86.Build.0 = Release|x86
		{69949143-18E4-440B-9966-21EF97F3BB99}.Debug|x86.ActiveCfg = Debug|x86
		{69949143-18E4-440B-9966-21EF97F3BB99}.Debug|x86.Build.0 = Debug|x86
		{69949143-18E4-440B-9966-21EF97F3BB99}.Release|x86.ActiveCfg = Release|x86
		{69949143-18E4-440B-9966-21EF97F3BB99}.Release|x86.Build.0 = Release|x86
	EndGlobalSection
	GlobalSection(SolutionProperties) = preSolution
		HideSolutionNode = FALSE
	EndGlobalSection
EndGlobal
